
Microsoft Visual Studio Solution File, Format Version 12.00
# Visual Studio Version 17
VisualStudioVersion = 17.2.32505.173
MinimumVisualStudioVersion = 10.0.40219.1
Project("{FAE04EC0-301F-11D3-BF4B-00C04F79EFBC}") = "FirstConsoleApp", "FirstConsoleApp\FirstConsoleApp.csproj", "{55C1667B-CB92-4803-AE0B-C83E5CAF5BE6}"
EndProject
Global
	GlobalSection(SolutionConfigurationPlatforms) = preSolution
		Debug|Any CPU = Debug|Any CPU
		Release|Any CPU = Release|Any CPU
	EndGlobalSection
	GlobalSection(ProjectConfigurationPlatforms) = postSolution
		{55C1667B-CB92-4803-AE0B-C83E5CAF5BE6}.Debug|Any CPU.ActiveCfg = Debug|Any CPU
		{55C1667B-CB92-4803-AE0B-C83E5CAF5BE6}.Debug|Any CPU.Build.0 = Debug|Any CPU
		{55C1667B-CB92-4803-AE0B-C83E5CAF5BE6}.Release|Any CPU.ActiveCfg = Release|Any CPU
		{55C1667B-CB92-4803-AE0B-C83E5CAF5BE6}.Release|Any CPU.Build.0 = Release|Any CPU
	EndGlobalSection
	GlobalSection(SolutionProperties) = preSolution
		HideSolutionNode = FALSE
	EndGlobalSection
	GlobalSection(ExtensibilityGlobals) = postSolution
		SolutionGuid = {99BAF1DC-DC40-4140-AC3F-3F2D78A9E69C}
	EndGlobalSection
EndGlobal
